Microsoft Visual Studio Solution File, Format Version 12.00
# Visual Studio Version 17
VisualStudioVersion = 17.5.2.0
MinimumVisualStudioVersion = 10.0.40219.1
Project("{2150E333-8FDC-42A3-9474-1A3956D46DE8}") = "C#", "C#", "{1DBD47E2-544B-F58A-27AE-70AE938492FA}"
EndProject
Project("{FAE04EC0-301F-11D3-BF4B-00C04F79EFBC}") = "Task3", "C#\Task3\Task3.csproj", "{039044A7-5D1C-3F74-B485-49F157767CA6}"
EndProject
Project("{FAE04EC0-301F-11D3-BF4B-00C04F79EFBC}") = "Task4", "C#\Task4\Task4.csproj", "{3287D21A-E79C-E9A5-B649-FE049E2452F6}"
EndProject
Project("{FAE04EC0-301F-11D3-BF4B-00C04F79EFBC}") = "Task5", "C#\Task5\Task5.csproj", "{62F5578F-0E55-6A89-B867-18B894BC2CD7}"
EndProject
Project("{FAE04EC0-301F-11D3-BF4B-00C04F79EFBC}") = "Task6", "C#\Task6\Task6.csproj", "{47DEF80A-F962-E91C-DB9F-77068838AAB2}"
EndProject
Project("{FAE04EC0-301F-11D3-BF4B-00C04F79EFBC}") = "Task7", "C#\Task7\Task7.csproj", "{C029D8B4-615D-AC87-F9B0-369257E55F48}"
EndProject
Project("{FAE04EC0-301F-11D3-BF4B-00C04F79EFBC}") = "Task8", "C#\Task8\Task8.csproj", "{6DE47237-6F59-5630-AEC7-685088DF27BA}"
EndProject
Project("{FAE04EC0-301F-11D3-BF4B-00C04F79EFBC}") = "Task9", "C#\Task9\Task9.csproj", "{C9882E58-CE8A-36FF-FC65-1621BD02869F}"
EndProject
Global
	GlobalSection(SolutionConfigurationPlatforms) = preSolution
		Debug|Any CPU = Debug|Any CPU
		Release|Any CPU = Release|Any CPU
	EndGlobalSection
	GlobalSection(ProjectConfigurationPlatforms) = postSolution
		{039044A7-5D1C-3F74-B485-49F157767CA6}.Debug|Any CPU.ActiveCfg = Debug|Any CPU
		{039044A7-5D1C-3F74-B485-49F157767CA6}.Debug|Any CPU.Build.0 = Debug|Any CPU
		{039044A7-5D1C-3F74-B485-49F157767CA6}.Release|Any CPU.ActiveCfg = Release|Any CPU
		{039044A7-5D1C-3F74-B485-49F157767CA6}.Release|Any CPU.Build.0 = Release|Any CPU
		{3287D21A-E79C-E9A5-B649-FE049E2452F6}.Debug|Any CPU.ActiveCfg = Debug|Any CPU
		{3287D21A-E79C-E9A5-B649-FE049E2452F6}.Debug|Any CPU.Build.0 = Debug|Any CPU
		{3287D21A-E79C-E9A5-B649-FE049E2452F6}.Release|Any CPU.ActiveCfg = Release|Any CPU
		{3287D21A-E79C-E9A5-B649-FE049E2452F6}.Release|Any CPU.Build.0 = Release|Any CPU
		{62F5578F-0E55-6A89-B867-18B894BC2CD7}.Debug|Any CPU.ActiveCfg = Debug|Any CPU
		{62F5578F-0E55-6A89-B867-18B894BC2CD7}.Debug|Any CPU.Build.0 = Debug|Any CPU
		{62F5578F-0E55-6A89-B867-18B894BC2CD7}.Release|Any CPU.ActiveCfg = Release|Any CPU
		{62F5578F-0E55-6A89-B867-18B894BC2CD7}.Release|Any CPU.Build.0 = Release|Any CPU
		{47DEF80A-F962-E91C-DB9F-77068838AAB2}.Debug|Any CPU.ActiveCfg = Debug|Any CPU
		{47DEF80A-F962-E91C-DB9F-77068838AAB2}.Debug|Any CPU.Build.0 = Debug|Any CPU
		{47DEF80A-F962-E91C-DB9F-77068838AAB2}.Release|Any CPU.ActiveCfg = Release|Any CPU
		{47DEF80A-F962-E91C-DB9F-77068838AAB2}.Release|Any CPU.Build.0 = Release|Any CPU
		{C029D8B4-615D-AC87-F9B0-369257E55F48}.Debug|Any CPU.ActiveCfg = Debug|Any CPU
		{C029D8B4-615D-AC87-F9B0-369257E55F48}.Debug|Any CPU.Build.0 = Debug|Any CPU
		{C029D8B4-615D-AC87-F9B0-369257E55F48}.Release|Any CPU.ActiveCfg = Release|Any CPU
		{C029D8B4-615D-AC87-F9B0-369257E55F48}.Release|Any CPU.Build.0 = Release|Any CPU
		{6DE47237-6F59-5630-AEC7-685088DF27BA}.Debug|Any CPU.ActiveCfg = Debug|Any CPU
		{6DE47237-6F59-5630-AEC7-685088DF27BA}.Debug|Any CPU.Build.0 = Debug|Any CPU
		{6DE47237-6F59-5630-AEC7-685088DF27BA}.Release|Any CPU.ActiveCfg = Release|Any CPU
		{6DE47237-6F59-5630-AEC7-685088DF27BA}.Release|Any CPU.Build.0 = Release|Any CPU
		{C9882E58-CE8A-36FF-FC65-1621BD02869F}.Debug|Any CPU.ActiveCfg = Debug|Any CPU
		{C9882E58-CE8A-36FF-FC65-1621BD02869F}.Debug|Any CPU.Build.0 = Debug|Any CPU
		{C9882E58-CE8A-36FF-FC65-1621BD02869F}.Release|Any CPU.ActiveCfg = Release|Any CPU
		{C9882E58-CE8A-36FF-FC65-1621BD02869F}.Release|Any CPU.Build.0 = Release|Any CPU
	EndGlobalSection
	GlobalSection(SolutionProperties) = preSolution
		HideSolutionNode = FALSE
	EndGlobalSection
	GlobalSection(NestedProjects) = preSolution
		{039044A7-5D1C-3F74-B485-49F157767CA6} = {1DBD47E2-544B-F58A-27AE-70AE938492FA}
		{3287D21A-E79C-E9A5-B649-FE049E2452F6} = {1DBD47E2-544B-F58A-27AE-70AE938492FA}
		{62F5578F-0E55-6A89-B867-18B894BC2CD7} = {1DBD47E2-544B-F58A-27AE-70AE938492FA}
		{47DEF80A-F962-E91C-DB9F-77068838AAB2} = {1DBD47E2-544B-F58A-27AE-70AE938492FA}
		{C029D8B4-615D-AC87-F9B0-369257E55F48} = {1DBD47E2-544B-F58A-27AE-70AE938492FA}
		{6DE47237-6F59-5630-AEC7-685088DF27BA} = {1DBD47E2-544B-F58A-27AE-70AE938492FA}
		{C9882E58-CE8A-36FF-FC65-1621BD02869F} = {1DBD47E2-544B-F58A-27AE-70AE938492FA}
	EndGlobalSection
	GlobalSection(ExtensibilityGlobals) = postSolution
		SolutionGuid = {162A6E1A-335A-40D9-BF1F-B9FB764CF51D}
	EndGlobalSection
EndGlobal
